Microsoft Visual Studio Solution File, Format Version 12.00
# Visual Studio Version 17
VisualStudioVersion = 17.0.31903.59
MinimumVisualStudioVersion = 10.0.40219.1
Project("{9A19103F-16F7-4668-BE54-9A1E7A4F7556}") = "InvariantAgent.Core", "src\InvariantAgent.Core\InvariantAgent.Core.csproj", "{A1B1C111-1111-1111-1111-111111111111}"
EndProject
Project("{9A19103F-16F7-4668-BE54-9A1E7A4F7556}") = "InvariantAgent.Execution", "src\InvariantAgent.Execution\InvariantAgent.Execution.csproj", "{C3C3D333-3333-3333-3333-333333333333}"
EndProject
Project("{9A19103F-16F7-4668-BE54-9A1E7A4F7556}") = "InvariantAgent.Adaptive", "src\InvariantAgent.Adaptive\InvariantAgent.Adaptive.csproj", "{D4D4E444-4444-4444-4444-444444444444}"
EndProject
Project("{9A19103F-16F7-4668-BE54-9A1E7A4F7556}") = "InvariantAgent.Observability", "src\InvariantAgent.Observability\InvariantAgent.Observability.csproj", "{E5E5F555-5555-5555-5555-555555555555}"
EndProject
Project("{9A19103F-16F7-4668-BE54-9A1E7A4F7556}") = "InvariantAgent.Safety", "src\InvariantAgent.Safety\InvariantAgent.Safety.csproj", "{037B311D-BBDF-4749-BC97-298680FA7D26}"
EndProject
Project("{9A19103F-16F7-4668-BE54-9A1E7A4F7556}") = "InvariantAgent.Capabilities", "src\InvariantAgent.Capabilities\InvariantAgent.Capabilities.csproj", "{CB6A0345-E805-4FE2-92B0-78FAED80F753}"
EndProject
Project("{9A19103F-16F7-4668-BE54-9A1E7A4F7556}") = "InvariantAgent.Hosting", "src\InvariantAgent.Hosting\InvariantAgent.Hosting.csproj", "{FF1953B9-3072-4370-A15B-37D168F0230A}"
EndProject
Project("{9A19103F-16F7-4668-BE54-9A1E7A4F7556}") = "InvariantAgent.ConsoleApp", "src\InvariantAgent.ConsoleApp\InvariantAgent.ConsoleApp.csproj", "{8D178FFE-EF95-4D15-A751-7B1D214F5FE5}"
EndProject
Project("{9A19103F-16F7-4668-BE54-9A1E7A4F7556}") = "InvariantAgent.Runtime", "src\InvariantAgent.Runtime\InvariantAgent.Runtime.csproj", "{37631A61-359C-43A7-B963-6768BDE1446D}"
EndProject
Project("{9A19103F-16F7-4668-BE54-9A1E7A4F7556}") = "InvariantAgent.Storage", "src\InvariantAgent.Storage\InvariantAgent.Storage.csproj", "{39BFB40F-7905-45E7-BD41-098D52D666D8}"
EndProject
Project("{9A19103F-16F7-4668-BE54-9A1E7A4F7556}") = "InvariantAgent.Tests", "tests\InvariantAgent.Tests\InvariantAgent.Tests.csproj", "{3C3068A3-BF64-4C3A-B9CB-A8FD39A2582D}"
EndProject
Global
	GlobalSection(SolutionConfigurationPlatforms) = preSolution
		Debug|Any CPU = Debug|Any CPU
		Release|Any CPU = Release|Any CPU
	EndGlobalSection
	GlobalSection(ProjectConfigurationPlatforms) = postSolution
		{A1B1C111-1111-1111-1111-111111111111}.Debug|Any CPU.ActiveCfg = Debug|Any CPU
		{A1B1C111-1111-1111-1111-111111111111}.Debug|Any CPU.Build.0 = Debug|Any CPU
		{A1B1C111-1111-1111-1111-111111111111}.Release|Any CPU.ActiveCfg = Release|Any CPU
		{A1B1C111-1111-1111-1111-111111111111}.Release|Any CPU.Build.0 = Release|Any CPU
		{C3C3D333-3333-3333-3333-333333333333}.Debug|Any CPU.ActiveCfg = Debug|Any CPU
		{C3C3D333-3333-3333-3333-333333333333}.Debug|Any CPU.Build.0 = Debug|Any CPU
		{C3C3D333-3333-3333-3333-333333333333}.Release|Any CPU.ActiveCfg = Release|Any CPU
		{C3C3D333-3333-3333-3333-333333333333}.Release|Any CPU.Build.0 = Release|Any CPU
		{D4D4E444-4444-4444-4444-444444444444}.Debug|Any CPU.ActiveCfg = Debug|Any CPU
		{D4D4E444-4444-4444-4444-444444444444}.Debug|Any CPU.Build.0 = Debug|Any CPU
		{D4D4E444-4444-4444-4444-444444444444}.Release|Any CPU.ActiveCfg = Release|Any CPU
		{D4D4E444-4444-4444-4444-444444444444}.Release|Any CPU.Build.0 = Release|Any CPU
		{E5E5F555-5555-5555-5555-555555555555}.Debug|Any CPU.ActiveCfg = Debug|Any CPU
		{E5E5F555-5555-5555-5555-555555555555}.Debug|Any CPU.Build.0 = Debug|Any CPU
		{E5E5F555-5555-5555-5555-555555555555}.Release|Any CPU.ActiveCfg = Release|Any CPU
		{E5E5F555-5555-5555-5555-555555555555}.Release|Any CPU.Build.0 = Release|Any CPU
		{037B311D-BBDF-4749-BC97-298680FA7D26}.Debug|Any CPU.ActiveCfg = Debug|Any CPU
		{037B311D-BBDF-4749-BC97-298680FA7D26}.Debug|Any CPU.Build.0 = Debug|Any CPU
		{037B311D-BBDF-4749-BC97-298680FA7D26}.Release|Any CPU.ActiveCfg = Release|Any CPU
		{037B311D-BBDF-4749-BC97-298680FA7D26}.Release|Any CPU.Build.0 = Release|Any CPU
		{CB6A0345-E805-4FE2-92B0-78FAED80F753}.Debug|Any CPU.ActiveCfg = Debug|Any CPU
		{CB6A0345-E805-4FE2-92B0-78FAED80F753}.Debug|Any CPU.Build.0 = Debug|Any CPU
		{CB6A0345-E805-4FE2-92B0-78FAED80F753}.Release|Any CPU.ActiveCfg = Release|Any CPU
		{CB6A0345-E805-4FE2-92B0-78FAED80F753}.Release|Any CPU.Build.0 = Release|Any CPU
		{FF1953B9-3072-4370-A15B-37D168F0230A}.Debug|Any CPU.ActiveCfg = Debug|Any CPU
		{FF1953B9-3072-4370-A15B-37D168F0230A}.Debug|Any CPU.Build.0 = Debug|Any CPU
		{FF1953B9-3072-4370-A15B-37D168F0230A}.Release|Any CPU.ActiveCfg = Release|Any CPU
		{FF1953B9-3072-4370-A15B-37D168F0230A}.Release|Any CPU.Build.0 = Release|Any CPU
		{8D178FFE-EF95-4D15-A751-7B1D214F5FE5}.Debug|Any CPU.ActiveCfg = Debug|Any CPU
		{8D178FFE-EF95-4D15-A751-7B1D214F5FE5}.Debug|Any CPU.Build.0 = Debug|Any CPU
		{8D178FFE-EF95-4D15-A751-7B1D214F5FE5}.Release|Any CPU.ActiveCfg = Release|Any CPU
		{8D178FFE-EF95-4D15-A751-7B1D214F5FE5}.Release|Any CPU.Build.0 = Release|Any CPU
		{37631A61-359C-43A7-B963-6768BDE1446D}.Debug|Any CPU.ActiveCfg = Debug|Any CPU
		{37631A61-359C-43A7-B963-6768BDE1446D}.Debug|Any CPU.Build.0 = Debug|Any CPU
		{37631A61-359C-43A7-B963-6768BDE1446D}.Release|Any CPU.ActiveCfg = Release|Any CPU
		{37631A61-359C-43A7-B963-6768BDE1446D}.Release|Any CPU.Build.0 = Release|Any CPU
		{39BFB40F-7905-45E7-BD41-098D52D666D8}.Debug|Any CPU.ActiveCfg = Debug|Any CPU
		{39BFB40F-7905-45E7-BD41-098D52D666D8}.Debug|Any CPU.Build.0 = Debug|Any CPU
		{39BFB40F-7905-45E7-BD41-098D52D666D8}.Release|Any CPU.ActiveCfg = Release|Any CPU
		{39BFB40F-7905-45E7-BD41-098D52D666D8}.Release|Any CPU.Build.0 = Release|Any CPU
		{3C3068A3-BF64-4C3A-B9CB-A8FD39A2582D}.Debug|Any CPU.ActiveCfg = Debug|Any CPU
		{3C3068A3-BF64-4C3A-B9CB-A8FD39A2582D}.Debug|Any CPU.Build.0 = Debug|Any CPU
		{3C3068A3-BF64-4C3A-B9CB-A8FD39A2582D}.Release|Any CPU.ActiveCfg = Release|Any CPU
		{3C3068A3-BF64-4C3A-B9CB-A8FD39A2582D}.Release|Any CPU.Build.0 = Release|Any CPU
	EndGlobalSection
	GlobalSection(SolutionProperties) = preSolution
		HideSolutionNode = FALSE
	EndGlobalSection
	GlobalSection(ExtensibilityGlobals) = postSolution
		SolutionGuid = {681DCBE4-634F-4A52-B43F-120704AA7736}
	EndGlobalSection
EndGlobal
